<?xml version="1.0" encoding="utf-8"?>
<Project ToolsVersion="4.0" xmlns="http://schemas.microsoft.com/developer/msbuild/2003">
  <ItemGroup>
    <Filter Include="Source Files">
      <UniqueIdentifier>{4FC737F1-C7A5-4376-A066-2A32D752A2FF}</UniqueIdentifier>
      <Extensions>cpp;c;cc;cxx;c++;cppm;ixx;def;odl;idl;hpj;bat;asm;asmx</Extensions>
    </Filter>
    <Filter Include="Header Files">
      <UniqueIdentifier>{93995380-89BD-4b04-88EB-625FBE52EBFB}</UniqueIdentifier>
      <Extensions>h;hh;hpp;hxx;h++;hm;inl;inc;ipp;xsd</Extensions>
    </Filter>
    <Filter Include="Resource Files">
      <UniqueIdentifier>{67DA6AB6-F800-4c08-8B7A-83BB121AAD01}</UniqueIdentifier>
      <Extensions>rc;ico;cur;bmp;dlg;rc2;rct;bin;rgs;gif;jpg;jpeg;jpe;resx;tiff;tif;png;wav;mfcribbon-ms</Extensions>
    </Filter>
  </ItemGroup>
  <ItemGroup>
    <ClCompile Include="main.cpp">
      <Filter>Source Files</Filter>
    </ClCompile>
    <ClCompile Include="..\..\FA Rendering Engine\Source Files\DDSTextureLoader.cpp">
      <Filter>Source Files</Filter>
    </ClCompile>
    <ClCompile Include="..\..\FA Rendering Engine\Source Files\FABuffer.cpp">
      <Filter>Source Files</Filter>
    </ClCompile>
    <ClCompile Include="..\..\FA Rendering Engine\Source Files\FACamera.cpp">
      <Filter>Source Files</Filter>
    </ClCompile>
    <ClCompile Include="..\..\FA Rendering Engine\Source Files\FAColor.cpp">
      <Filter>Source Files</Filter>
    </ClCompile>
    <ClCompile Include="..\..\FA Rendering Engine\Source Files\FADeviceResources.cpp">
      <Filter>Source Files</Filter>
    </ClCompile>
    <ClCompile Include="..\..\FA Rendering Engine\Source Files\FADirectXException.cpp">
      <Filter>Source Files</Filter>
    </ClCompile>
    <ClCompile Include="..\..\FA Rendering Engine\Source Files\FAMultiSampling.cpp">
      <Filter>Source Files</Filter>
    </ClCompile>
    <ClCompile Include="..\..\FA Rendering Engine\Source Files\FAProjection.cpp">
      <Filter>Source Files</Filter>
    </ClCompile>
    <ClCompile Include="..\..\FA Rendering Engine\Source Files\FARenderScene.cpp">
      <Filter>Source Files</Filter>
    </ClCompile>
    <ClCompile Include="..\..\FA Rendering Engine\Source Files\FASwapChain.cpp">
      <Filter>Source Files</Filter>
    </ClCompile>
    <ClCompile Include="..\..\FA Rendering Engine\Source Files\FAText.cpp">
      <Filter>Source Files</Filter>
    </ClCompile>
    <ClCompile Include="..\..\FA Rendering Engine\Source Files\FATextResources.cpp">
      <Filter>Source Files</Filter>
    </ClCompile>
    <ClCompile Include="..\..\FA Rendering Engine\Source Files\FATime.cpp">
      <Filter>Source Files</Filter>
    </ClCompile>
    <ClCompile Include="..\..\FA Rendering Engine\Source Files\FAWindow.cpp">
      <Filter>Source Files</Filter>
    </ClCompile>
    <ClCompile Include="..\..\FA Shapes\Source Files\FATriangle.cpp">
      <Filter>Source Files</Filter>
    </ClCompile>
    <ClCompile Include="Model.cpp">
      <Filter>Source Files</Filter>
    </ClCompile>
    <ClCompile Include="View.cpp">
      <Filter>Source Files</Filter>
    </ClCompile>
    <ClCompile Include="Controller.cpp">
      <Filter>Source Files</Filter>
    </ClCompile>
    <ClCompile Include="..\..\FA Shapes\Source Files\FAShapesUtility.cpp">
      <Filter>Source Files</Filter>
    </ClCompile>
    <ClCompile Include="..\..\FA Shapes\Source Files\FAThreeDimensionalShape.cpp">
      <Filter>Source Files</Filter>
    </ClCompile>
    <ClCompile Include="..\..\FA Physics Engine\Source Files\FAForceFunctions.cpp">
      <Filter>Source Files</Filter>
    </ClCompile>
    <ClCompile Include="..\..\FA Physics Engine\Source Files\FARidigPyramid.cpp">
      <Filter>Source Files</Filter>
    </ClCompile>
    <ClCompile Include="..\..\FA Physics Engine\Source Files\FARigidBody.cpp">
      <Filter>Source Files</Filter>
    </ClCompile>
    <ClCompile Include="..\..\FA Physics Engine\Source Files\FARigidBox.cpp">
      <Filter>Source Files</Filter>
    </ClCompile>
    <ClCompile Include="..\..\FA Physics Engine\Source Files\FARigidCone.cpp">
      <Filter>Source Files</Filter>
    </ClCompile>
    <ClCompile Include="..\..\FA Physics Engine\Source Files\FARigidCylinder.cpp">
      <Filter>Source Files</Filter>
    </ClCompile>
    <ClCompile Include="..\..\FA Physics Engine\Source Files\FARigidSphere.cpp">
      <Filter>Source Files</Filter>
    </ClCompile>
    <ClCompile Include="..\..\FA Physics Engine\Source Files\PolyhedralMassProperties.cpp">
      <Filter>Source Files</Filter>
    </ClCompile>
    <ClCompile Include="..\..\FA Shapes\Source Files\FABox.cpp">
      <Filter>Source Files</Filter>
    </ClCompile>
    <ClCompile Include="..\..\FA Physics Engine\Source Files\FAAABB.cpp">
      <Filter>Source Files</Filter>
    </ClCompile>
  </ItemGroup>
  <ItemGroup>
    <ClInclude Include="..\..\FA Math Engine\Header Files\FAMathEngine.h">
      <Filter>Header Files</Filter>
    </ClInclude>
    <ClInclude Include="..\..\FA Rendering Engine\Header Files\DDSTextureLoader.h">
      <Filter>Header Files</Filter>
    </ClInclude>
    <ClInclude Include="..\..\FA Rendering Engine\Header Files\Direct3DLink.h">
      <Filter>Header Files</Filter>
    </ClInclude>
    <ClInclude Include="..\..\FA Rendering Engine\Header Files\FABuffer.h">
      <Filter>Header Files</Filter>
    </ClInclude>
    <ClInclude Include="..\..\FA Rendering Engine\Header Files\FACamera.h">
      <Filter>Header Files</Filter>
    </ClInclude>
    <ClInclude Include="..\..\FA Rendering Engine\Header Files\FAColor.h">
      <Filter>Header Files</Filter>
    </ClInclude>
    <ClInclude Include="..\..\FA Rendering Engine\Header Files\FADeviceResources.h">
      <Filter>Header Files</Filter>
    </ClInclude>
    <ClInclude Include="..\..\FA Rendering Engine\Header Files\FADirectXException.h">
      <Filter>Header Files</Filter>
    </ClInclude>
    <ClInclude Include="..\..\FA Rendering Engine\Header Files\FAMultiSampling.h">
      <Filter>Header Files</Filter>
    </ClInclude>
    <ClInclude Include="..\..\FA Rendering Engine\Header Files\FAProjection.h">
      <Filter>Header Files</Filter>
    </ClInclude>
    <ClInclude Include="..\..\FA Rendering Engine\Header Files\FARenderScene.h">
      <Filter>Header Files</Filter>
    </ClInclude>
    <ClInclude Include="..\..\FA Rendering Engine\Header Files\FASwapChain.h">
      <Filter>Header Files</Filter>
    </ClInclude>
    <ClInclude Include="..\..\FA Rendering Engine\Header Files\FAText.h">
      <Filter>Header Files</Filter>
    </ClInclude>
    <ClInclude Include="..\..\FA Rendering Engine\Header Files\FATextResources.h">
      <Filter>Header Files</Filter>
    </ClInclude>
    <ClInclude Include="..\..\FA Rendering Engine\Header Files\FATime.h">
      <Filter>Header Files</Filter>
    </ClInclude>
    <ClInclude Include="..\..\FA Rendering Engine\Header Files\FAWindow.h">
      <Filter>Header Files</Filter>
    </ClInclude>
    <ClInclude Include="..\..\FA Shapes\Header Files\FAShapesUtility.h">
      <Filter>Header Files</Filter>
    </ClInclude>
    <ClInclude Include="..\..\FA Shapes\Header Files\FATriangle.h">
      <Filter>Header Files</Filter>
    </ClInclude>
    <ClInclude Include="Model.h">
      <Filter>Header Files</Filter>
    </ClInclude>
    <ClInclude Include="View.h">
      <Filter>Header Files</Filter>
    </ClInclude>
    <ClInclude Include="Controller.h">
      <Filter>Header Files</Filter>
    </ClInclude>
    <ClInclude Include="Structures.h">
      <Filter>Header Files</Filter>
    </ClInclude>
    <ClInclude Include="..\..\FA Shapes\Header Files\FAVertexStructure.h">
      <Filter>Header Files</Filter>
    </ClInclude>
    <ClInclude Include="..\..\FA Physics\Header Files\FAForceFunctions.h">
      <Filter>Header Files</Filter>
    </ClInclude>
    <ClInclude Include="..\..\FA Shapes\Header Files\FAThreeDimensionalShape.h">
      <Filter>Header Files</Filter>
    </ClInclude>
    <ClInclude Include="..\..\FA Physics Engine\Header Files\FAForceFunctions.h">
      <Filter>Header Files</Filter>
    </ClInclude>
    <ClInclude Include="..\..\FA Physics Engine\Header Files\FARigidBody.h">
      <Filter>Header Files</Filter>
    </ClInclude>
    <ClInclude Include="..\..\FA Physics Engine\Header Files\FARigidBox.h">
      <Filter>Header Files</Filter>
    </ClInclude>
    <ClInclude Include="..\..\FA Physics Engine\Header Files\FARigidCone.h">
      <Filter>Header Files</Filter>
    </ClInclude>
    <ClInclude Include="..\..\FA Physics Engine\Header Files\FARigidCylinder.h">
      <Filter>Header Files</Filter>
    </ClInclude>
    <ClInclude Include="..\..\FA Physics Engine\Header Files\FARigidPyramid.h">
      <Filter>Header Files</Filter>
    </ClInclude>
    <ClInclude Include="..\..\FA Physics Engine\Header Files\FARigidSphere.h">
      <Filter>Header Files</Filter>
    </ClInclude>
    <ClInclude Include="..\..\FA Physics Engine\Header Files\PolyhedralMassProperties.h">
      <Filter>Header Files</Filter>
    </ClInclude>
    <ClInclude Include="..\..\FA Shapes\Header Files\FABox.h">
      <Filter>Header Files</Filter>
    </ClInclude>
    <ClInclude Include="..\..\FA Physics Engine\Header Files\FAAABB.h">
      <Filter>Header Files</Filter>
    </ClInclude>
  </ItemGroup>
  <ItemGroup>
    <FxCompile Include="GravitySimulatroVS.hlsl">
      <Filter>Resource Files</Filter>
    </FxCompile>
    <FxCompile Include="GravitySimulatorPS.hlsl">
      <Filter>Resource Files</Filter>
    </FxCompile>
  </ItemGroup>
</Project>