<?xml version="1.0" encoding="utf-8"?>
<Project ToolsVersion="4.0" xmlns="http://schemas.microsoft.com/developer/msbuild/2003">
  <ItemGroup>
    <Filter Include="Source Files">
      <UniqueIdentifier>{4FC737F1-C7A5-4376-A066-2A32D752A2FF}</UniqueIdentifier>
      <Extensions>cpp;c;cc;cxx;c++;cppm;ixx;def;odl;idl;hpj;bat;asm;asmx</Extensions>
    </Filter>
    <Filter Include="Header Files">
      <UniqueIdentifier>{93995380-89BD-4b04-88EB-625FBE52EBFB}</UniqueIdentifier>
      <Extensions>h;hh;hpp;hxx;h++;hm;inl;inc;ipp;xsd</Extensions>
    </Filter>
    <Filter Include="Resource Files">
      <UniqueIdentifier>{67DA6AB6-F800-4c08-8B7A-83BB121AAD01}</UniqueIdentifier>
      <Extensions>rc;ico;cur;bmp;dlg;rc2;rct;bin;rgs;gif;jpg;jpeg;jpe;resx;tiff;tif;png;wav;mfcribbon-ms</Extensions>
    </Filter>
  </ItemGroup>
  <ItemGroup>
    <ClCompile Include="main.cpp">
      <Filter>Source Files</Filter>
    </ClCompile>
    <ClCompile Include="..\FA Rendering Engine\Source Files\FABuffer.cpp">
      <Filter>Source Files</Filter>
    </ClCompile>
    <ClCompile Include="..\FA Rendering Engine\Source Files\FACamera.cpp">
      <Filter>Source Files</Filter>
    </ClCompile>
    <ClCompile Include="..\FA Rendering Engine\Source Files\FAColor.cpp">
      <Filter>Source Files</Filter>
    </ClCompile>
    <ClCompile Include="..\FA Rendering Engine\Source Files\FADeviceResources.cpp">
      <Filter>Source Files</Filter>
    </ClCompile>
    <ClCompile Include="..\FA Rendering Engine\Source Files\FADirectXException.cpp">
      <Filter>Source Files</Filter>
    </ClCompile>
    <ClCompile Include="..\FA Rendering Engine\Source Files\FAMultiSampling.cpp">
      <Filter>Source Files</Filter>
    </ClCompile>
    <ClCompile Include="..\FA Rendering Engine\Source Files\FARenderScene.cpp">
      <Filter>Source Files</Filter>
    </ClCompile>
    <ClCompile Include="..\FA Rendering Engine\Source Files\FASwapChain.cpp">
      <Filter>Source Files</Filter>
    </ClCompile>
    <ClCompile Include="..\FA Rendering Engine\Source Files\FAText.cpp">
      <Filter>Source Files</Filter>
    </ClCompile>
    <ClCompile Include="..\FA Rendering Engine\Source Files\FATextResources.cpp">
      <Filter>Source Files</Filter>
    </ClCompile>
    <ClCompile Include="..\FA Rendering Engine\Source Files\FATime.cpp">
      <Filter>Source Files</Filter>
    </ClCompile>
    <ClCompile Include="..\FA Rendering Engine\Source Files\FAWindow.cpp">
      <Filter>Source Files</Filter>
    </ClCompile>
    <ClCompile Include="..\FA Shapes\Source Files\FABox.cpp">
      <Filter>Source Files</Filter>
    </ClCompile>
    <ClCompile Include="..\FA Shapes\Source Files\FACone.cpp">
      <Filter>Source Files</Filter>
    </ClCompile>
    <ClCompile Include="..\FA Shapes\Source Files\FACylinder.cpp">
      <Filter>Source Files</Filter>
    </ClCompile>
    <ClCompile Include="..\FA Shapes\Source Files\FAPyramid.cpp">
      <Filter>Source Files</Filter>
    </ClCompile>
    <ClCompile Include="..\FA Shapes\Source Files\FAShapesUtility.cpp">
      <Filter>Source Files</Filter>
    </ClCompile>
    <ClCompile Include="..\FA Shapes\Source Files\FASphere.cpp">
      <Filter>Source Files</Filter>
    </ClCompile>
    <ClCompile Include="..\FA Shapes\Source Files\FAThreeDimensional.cpp">
      <Filter>Source Files</Filter>
    </ClCompile>
    <ClCompile Include="..\FA Shapes\Source Files\FATriangle.cpp">
      <Filter>Source Files</Filter>
    </ClCompile>
    <ClCompile Include="InitFunctions.cpp">
      <Filter>Source Files</Filter>
    </ClCompile>
    <ClCompile Include="WindowProcedure.cpp">
      <Filter>Source Files</Filter>
    </ClCompile>
    <ClCompile Include="MessageLoopFunctions.cpp">
      <Filter>Source Files</Filter>
    </ClCompile>
  </ItemGroup>
  <ItemGroup>
    <ClInclude Include="..\FA Math Engine\Header Files\FAMathEngine.h">
      <Filter>Header Files</Filter>
    </ClInclude>
    <ClInclude Include="..\FA Rendering Engine\Header Files\Direct3DLink.h">
      <Filter>Header Files</Filter>
    </ClInclude>
    <ClInclude Include="..\FA Rendering Engine\Header Files\FABuffer.h">
      <Filter>Header Files</Filter>
    </ClInclude>
    <ClInclude Include="..\FA Rendering Engine\Header Files\FACamera.h">
      <Filter>Header Files</Filter>
    </ClInclude>
    <ClInclude Include="..\FA Rendering Engine\Header Files\FAColor.h">
      <Filter>Header Files</Filter>
    </ClInclude>
    <ClInclude Include="..\FA Rendering Engine\Header Files\FADeviceResources.h">
      <Filter>Header Files</Filter>
    </ClInclude>
    <ClInclude Include="..\FA Rendering Engine\Header Files\FADirectXException.h">
      <Filter>Header Files</Filter>
    </ClInclude>
    <ClInclude Include="..\FA Rendering Engine\Header Files\FAMultiSampling.h">
      <Filter>Header Files</Filter>
    </ClInclude>
    <ClInclude Include="..\FA Rendering Engine\Header Files\FARenderScene.h">
      <Filter>Header Files</Filter>
    </ClInclude>
    <ClInclude Include="..\FA Rendering Engine\Header Files\FASwapChain.h">
      <Filter>Header Files</Filter>
    </ClInclude>
    <ClInclude Include="..\FA Rendering Engine\Header Files\FAText.h">
      <Filter>Header Files</Filter>
    </ClInclude>
    <ClInclude Include="..\FA Rendering Engine\Header Files\FATextResources.h">
      <Filter>Header Files</Filter>
    </ClInclude>
    <ClInclude Include="..\FA Rendering Engine\Header Files\FATime.h">
      <Filter>Header Files</Filter>
    </ClInclude>
    <ClInclude Include="..\FA Rendering Engine\Header Files\FAWindow.h">
      <Filter>Header Files</Filter>
    </ClInclude>
    <ClInclude Include="..\FA Shapes\Header Files\FABox.h">
      <Filter>Header Files</Filter>
    </ClInclude>
    <ClInclude Include="..\FA Shapes\Header Files\FACone.h">
      <Filter>Header Files</Filter>
    </ClInclude>
    <ClInclude Include="..\FA Shapes\Header Files\FACylinder.h">
      <Filter>Header Files</Filter>
    </ClInclude>
    <ClInclude Include="..\FA Shapes\Header Files\FAPyramid.h">
      <Filter>Header Files</Filter>
    </ClInclude>
    <ClInclude Include="..\FA Shapes\Header Files\FAShapesUtility.h">
      <Filter>Header Files</Filter>
    </ClInclude>
    <ClInclude Include="..\FA Shapes\Header Files\FASphere.h">
      <Filter>Header Files</Filter>
    </ClInclude>
    <ClInclude Include="..\FA Shapes\Header Files\FAThreeDimensional.h">
      <Filter>Header Files</Filter>
    </ClInclude>
    <ClInclude Include="..\FA Shapes\Header Files\FATriangle.h">
      <Filter>Header Files</Filter>
    </ClInclude>
    <ClInclude Include="InitFunctions.h">
      <Filter>Header Files</Filter>
    </ClInclude>
    <ClInclude Include="WindowProcedure.h">
      <Filter>Header Files</Filter>
    </ClInclude>
    <ClInclude Include="DisplayShapesGlobalVariables.h">
      <Filter>Header Files</Filter>
    </ClInclude>
    <ClInclude Include="MessageLoopFunctions.h">
      <Filter>Header Files</Filter>
    </ClInclude>
  </ItemGroup>
</Project>